
Microsoft Visual Studio Solution File, Format Version 12.00
# Visual Studio Version 17
VisualStudioVersion = 17.0.31903.59
MinimumVisualStudioVersion = 10.0.40219.1
Project("{FAE04EC0-301F-11D3-BF4B-00C04F79EFBC}") = "TournamentManagerTask.Api", "TournamentManagerTask.Api\TournamentManagerTask.Api.csproj", "{70F198AD-FED8-4AE8-BC60-3F1C63082FB0}"
EndProject
Project("{FAE04EC0-301F-11D3-BF4B-00C04F79EFBC}") = "TournamentManagerTask.Domain", "TournamentManagerTask.Domain\TournamentManagerTask.Domain.csproj", "{B8C4F5D2-9E3A-4B7F-8D6C-1A2B3C4D5E6F}"
EndProject
Project("{FAE04EC0-301F-11D3-BF4B-00C04F79EFBC}") = "TournamentManagerTask.Application", "TournamentManagerTask.Application\TournamentManagerTask.Application.csproj", "{83047156-C86C-4B17-87D0-07069C05BB68}"
EndProject
Project("{FAE04EC0-301F-11D3-BF4B-00C04F79EFBC}") = "TournamentManagerTask.Infrastructure", "TournamentManagerTask.Infrastructure\TournamentManagerTask.Infrastructure.csproj", "{A1B2C3D4-E5F6-7890-ABCD-123456789012}"
EndProject
Project("{2150E333-8FDC-42A3-9474-1A3956D46DE8}") = "tests", "tests", "{1AD9CF2D-3DB4-44B8-A58C-460C1E44851E}"
EndProject
Project("{FAE04EC0-301F-11D3-BF4B-00C04F79EFBC}") = "TournamentManagerTask.Api.IntegrationTests", "tests\TournamentManagerTask.Api.IntegrationTests\TournamentManagerTask.Api.IntegrationTests.csproj", "{BDB3447F-B931-4985-81F3-011A0CD70B1A}"
EndProject
Global
	GlobalSection(SolutionConfigurationPlatforms) = preSolution
		Debug|Any CPU = Debug|Any CPU
		Release|Any CPU = Release|Any CPU
	EndGlobalSection
	GlobalSection(SolutionProperties) = preSolution
		HideSolutionNode = FALSE
		EndGlobalSection	GlobalSection(ProjectConfigurationPlatforms) = postSolution
		{70F198AD-FED8-4AE8-BC60-3F1C63082FB0}.Debug|Any CPU.ActiveCfg = Debug|Any CPU
		{70F198AD-FED8-4AE8-BC60-3F1C63082FB0}.Debug|Any CPU.Build.0 = Debug|Any CPU
		{70F198AD-FED8-4AE8-BC60-3F1C63082FB0}.Release|Any CPU.ActiveCfg = Release|Any CPU
		{70F198AD-FED8-4AE8-BC60-3F1C63082FB0}.Release|Any CPU.Build.0 = Release|Any CPU
		{B8C4F5D2-9E3A-4B7F-8D6C-1A2B3C4D5E6F}.Debug|Any CPU.ActiveCfg = Debug|Any CPU
		{B8C4F5D2-9E3A-4B7F-8D6C-1A2B3C4D5E6F}.Debug|Any CPU.Build.0 = Debug|Any CPU
		{B8C4F5D2-9E3A-4B7F-8D6C-1A2B3C4D5E6F}.Release|Any CPU.ActiveCfg = Release|Any CPU
		{B8C4F5D2-9E3A-4B7F-8D6C-1A2B3C4D5E6F}.Release|Any CPU.Build.0 = Release|Any CPU
	EndGlobalSection
	GlobalSection(ProjectConfigurationPlatforms) = postSolution
		{83047156-C86C-4B17-87D0-07069C05BB68}.Debug|Any CPU.ActiveCfg = Debug|Any CPU
		{83047156-C86C-4B17-87D0-07069C05BB68}.Debug|Any CPU.Build.0 = Debug|Any CPU
		{83047156-C86C-4B17-87D0-07069C05BB68}.Release|Any CPU.ActiveCfg = Release|Any CPU
		{83047156-C86C-4B17-87D0-07069C05BB68}.Release|Any CPU.Build.0 = Release|Any CPU
		{A1B2C3D4-E5F6-7890-ABCD-123456789012}.Debug|Any CPU.ActiveCfg = Debug|Any CPU
		{A1B2C3D4-E5F6-7890-ABCD-123456789012}.Debug|Any CPU.Build.0 = Debug|Any CPU
		{A1B2C3D4-E5F6-7890-ABCD-123456789012}.Release|Any CPU.ActiveCfg = Release|Any CPU
		{A1B2C3D4-E5F6-7890-ABCD-123456789012}.Release|Any CPU.Build.0 = Release|Any CPU
		{BDB3447F-B931-4985-81F3-011A0CD70B1A}.Debug|Any CPU.ActiveCfg = Debug|Any CPU
		{BDB3447F-B931-4985-81F3-011A0CD70B1A}.Debug|Any CPU.Build.0 = Debug|Any CPU
		{BDB3447F-B931-4985-81F3-011A0CD70B1A}.Release|Any CPU.ActiveCfg = Release|Any CPU
		{BDB3447F-B931-4985-81F3-011A0CD70B1A}.Release|Any CPU.Build.0 = Release|Any CPU
	EndGlobalSection
	GlobalSection(NestedProjects) = preSolution
		{BDB3447F-B931-4985-81F3-011A0CD70B1A} = {1AD9CF2D-3DB4-44B8-A58C-460C1E44851E}
	EndGlobalSection
EndGlobal
